<<<<<<< HEAD
﻿
Microsoft Visual Studio Solution File, Format Version 12.00
# Visual Studio Version 16
VisualStudioVersion = 16.0.29519.87
MinimumVisualStudioVersion = 10.0.40219.1
Project("{FAE04EC0-301F-11D3-BF4B-00C04F79EFBC}") = "lab_1", "lab_1\lab_1.csproj", "{C7981938-F604-4EB5-866C-E90BDACAA134}"
EndProject
Global
	GlobalSection(SolutionConfigurationPlatforms) = preSolution
		Debug|Any CPU = Debug|Any CPU
		Release|Any CPU = Release|Any CPU
	EndGlobalSection
	GlobalSection(ProjectConfigurationPlatforms) = postSolution
		{C7981938-F604-4EB5-866C-E90BDACAA134}.Debug|Any CPU.ActiveCfg = Debug|Any CPU
		{C7981938-F604-4EB5-866C-E90BDACAA134}.Debug|Any CPU.Build.0 = Debug|Any CPU
		{C7981938-F604-4EB5-866C-E90BDACAA134}.Release|Any CPU.ActiveCfg = Release|Any CPU
		{C7981938-F604-4EB5-866C-E90BDACAA134}.Release|Any CPU.Build.0 = Release|Any CPU
	EndGlobalSection
	GlobalSection(SolutionProperties) = preSolution
		HideSolutionNode = FALSE
	EndGlobalSection
	GlobalSection(ExtensibilityGlobals) = postSolution
		SolutionGuid = {58AD3CCF-3CA9-4773-914A-B97F398EBB99}
	EndGlobalSection
EndGlobal
=======
﻿
Microsoft Visual Studio Solution File, Format Version 12.00
# Visual Studio Version 16
VisualStudioVersion = 16.0.29519.87
MinimumVisualStudioVersion = 10.0.40219.1
Project("{FAE04EC0-301F-11D3-BF4B-00C04F79EFBC}") = "lab_1", "lab_1\lab_1.csproj", "{C7981938-F604-4EB5-866C-E90BDACAA134}"
EndProject
Global
	GlobalSection(SolutionConfigurationPlatforms) = preSolution
		Debug|Any CPU = Debug|Any CPU
		Release|Any CPU = Release|Any CPU
	EndGlobalSection
	GlobalSection(ProjectConfigurationPlatforms) = postSolution
		{C7981938-F604-4EB5-866C-E90BDACAA134}.Debug|Any CPU.ActiveCfg = Debug|Any CPU
		{C7981938-F604-4EB5-866C-E90BDACAA134}.Debug|Any CPU.Build.0 = Debug|Any CPU
		{C7981938-F604-4EB5-866C-E90BDACAA134}.Release|Any CPU.ActiveCfg = Release|Any CPU
		{C7981938-F604-4EB5-866C-E90BDACAA134}.Release|Any CPU.Build.0 = Release|Any CPU
	EndGlobalSection
	GlobalSection(SolutionProperties) = preSolution
		HideSolutionNode = FALSE
	EndGlobalSection
	GlobalSection(ExtensibilityGlobals) = postSolution
		SolutionGuid = {58AD3CCF-3CA9-4773-914A-B97F398EBB99}
	EndGlobalSection
EndGlobal
>>>>>>> d9d21ade0fba1d9bf8262ff3ea6ec30fbb5904af
